
Microsoft Visual Studio Solution File, Format Version 12.00
# Visual Studio Version 17
VisualStudioVersion = 17.7.34221.43
MinimumVisualStudioVersion = 10.0.40219.1
Project("{9A19103F-16F7-4668-BE54-9A1E7A4F7556}") = "TaulerDeControlRM", "TaulerDeControlRM\TaulerDeControlRM.csproj", "{5B42E803-781D-4B2C-9E55-11441658A74E}"
EndProject
Project("{9A19103F-16F7-4668-BE54-9A1E7A4F7556}") = "ReproductorMusicaComponentLibrary", "ReproductorMusicaComponentLibrary\ReproductorMusicaComponentLibrary.csproj", "{09A18F94-F0E7-43E9-9B59-FDF6F6881A62}"
EndProject
Project("{54435603-DBB4-11D2-8724-00A0C9A8B90C}") = "StorageSetup", "StorageSetup\StorageSetup.vdproj", "{5FED6019-84E1-4FAA-833D-0D6781249F9C}"
EndProject
Project("{FAE04EC0-301F-11D3-BF4B-00C04F79EFBC}") = "TestDeComandes", "TestDeComandes\TestDeComandes.csproj", "{B0324855-A419-464E-BBF2-84DE1F305DB7}"
EndProject
Global
	GlobalSection(SolutionConfigurationPlatforms) = preSolution
		Debug|Any CPU = Debug|Any CPU
		Release|Any CPU = Release|Any CPU
	EndGlobalSection
	GlobalSection(ProjectConfigurationPlatforms) = postSolution
		{5B42E803-781D-4B2C-9E55-11441658A74E}.Debug|Any CPU.ActiveCfg = Debug|Any CPU
		{5B42E803-781D-4B2C-9E55-11441658A74E}.Debug|Any CPU.Build.0 = Debug|Any CPU
		{5B42E803-781D-4B2C-9E55-11441658A74E}.Release|Any CPU.ActiveCfg = Release|Any CPU
		{5B42E803-781D-4B2C-9E55-11441658A74E}.Release|Any CPU.Build.0 = Release|Any CPU
		{09A18F94-F0E7-43E9-9B59-FDF6F6881A62}.Debug|Any CPU.ActiveCfg = Debug|Any CPU
		{09A18F94-F0E7-43E9-9B59-FDF6F6881A62}.Debug|Any CPU.Build.0 = Debug|Any CPU
		{09A18F94-F0E7-43E9-9B59-FDF6F6881A62}.Release|Any CPU.ActiveCfg = Release|Any CPU
		{09A18F94-F0E7-43E9-9B59-FDF6F6881A62}.Release|Any CPU.Build.0 = Release|Any CPU
		{5FED6019-84E1-4FAA-833D-0D6781249F9C}.Debug|Any CPU.ActiveCfg = Debug
		{5FED6019-84E1-4FAA-833D-0D6781249F9C}.Release|Any CPU.ActiveCfg = Release
		{B0324855-A419-464E-BBF2-84DE1F305DB7}.Debug|Any CPU.ActiveCfg = Debug|Any CPU
		{B0324855-A419-464E-BBF2-84DE1F305DB7}.Debug|Any CPU.Build.0 = Debug|Any CPU
		{B0324855-A419-464E-BBF2-84DE1F305DB7}.Release|Any CPU.ActiveCfg = Release|Any CPU
		{B0324855-A419-464E-BBF2-84DE1F305DB7}.Release|Any CPU.Build.0 = Release|Any CPU
	EndGlobalSection
	GlobalSection(SolutionProperties) = preSolution
		HideSolutionNode = FALSE
	EndGlobalSection
	GlobalSection(ExtensibilityGlobals) = postSolution
		SolutionGuid = {10FD5519-5D61-452B-9FD7-9561E55DBAB2}
	EndGlobalSection
EndGlobal
