
Microsoft Visual Studio Solution File, Format Version 12.00
# Visual Studio Version 17
VisualStudioVersion = 17.8.34408.163
MinimumVisualStudioVersion = 10.0.40219.1
Project("{9A19103F-16F7-4668-BE54-9A1E7A4F7556}") = "DAMSecurityLib", "DAMSecurityLib\DAMSecurityLib.csproj", "{4EC3E256-3687-4629-B7C5-2CE9694A98E3}"
EndProject
Project("{9A19103F-16F7-4668-BE54-9A1E7A4F7556}") = "CreatePDFSigned", "CreatePDFSigned\CreatePDFSigned.csproj", "{849F650B-435A-441F-AB06-11117AD226C3}"
EndProject
Project("{9A19103F-16F7-4668-BE54-9A1E7A4F7556}") = "ProvaDeLlibreries", "ProvaDeLlibreries\ProvaDeLlibreries.csproj", "{53636BEB-EB0E-412E-89B1-BE53F63B9F73}"
	ProjectSection(ProjectDependencies) = postProject
		{4EC3E256-3687-4629-B7C5-2CE9694A98E3} = {4EC3E256-3687-4629-B7C5-2CE9694A98E3}
		{849F650B-435A-441F-AB06-11117AD226C3} = {849F650B-435A-441F-AB06-11117AD226C3}
	EndProjectSection
EndProject
Project("{9A19103F-16F7-4668-BE54-9A1E7A4F7556}") = "SocketClient", "SocketClient\SocketClient.csproj", "{7021C296-3C72-44AD-A72D-6192449E4749}"
EndProject
Project("{FAE04EC0-301F-11D3-BF4B-00C04F79EFBC}") = "ConsultasAPIs", "ConsultasAPIs\ConsultasAPIs.csproj", "{5F15E626-E95C-4276-99E9-FD14742B3896}"
EndProject
Project("{FAE04EC0-301F-11D3-BF4B-00C04F79EFBC}") = "SocketServer", "SocketServer\SocketServer.csproj", "{E0DE4B2C-D23D-4106-91A7-BA194A676C05}"
EndProject
Global
	GlobalSection(SolutionConfigurationPlatforms) = preSolution
		Debug|Any CPU = Debug|Any CPU
		Release|Any CPU = Release|Any CPU
	EndGlobalSection
	GlobalSection(ProjectConfigurationPlatforms) = postSolution
		{4EC3E256-3687-4629-B7C5-2CE9694A98E3}.Debug|Any CPU.ActiveCfg = Debug|Any CPU
		{4EC3E256-3687-4629-B7C5-2CE9694A98E3}.Debug|Any CPU.Build.0 = Debug|Any CPU
		{4EC3E256-3687-4629-B7C5-2CE9694A98E3}.Release|Any CPU.ActiveCfg = Release|Any CPU
		{4EC3E256-3687-4629-B7C5-2CE9694A98E3}.Release|Any CPU.Build.0 = Release|Any CPU
		{849F650B-435A-441F-AB06-11117AD226C3}.Debug|Any CPU.ActiveCfg = Debug|Any CPU
		{849F650B-435A-441F-AB06-11117AD226C3}.Debug|Any CPU.Build.0 = Debug|Any CPU
		{849F650B-435A-441F-AB06-11117AD226C3}.Release|Any CPU.ActiveCfg = Release|Any CPU
		{849F650B-435A-441F-AB06-11117AD226C3}.Release|Any CPU.Build.0 = Release|Any CPU
		{53636BEB-EB0E-412E-89B1-BE53F63B9F73}.Debug|Any CPU.ActiveCfg = Debug|Any CPU
		{53636BEB-EB0E-412E-89B1-BE53F63B9F73}.Debug|Any CPU.Build.0 = Debug|Any CPU
		{53636BEB-EB0E-412E-89B1-BE53F63B9F73}.Release|Any CPU.ActiveCfg = Release|Any CPU
		{53636BEB-EB0E-412E-89B1-BE53F63B9F73}.Release|Any CPU.Build.0 = Release|Any CPU
		{7021C296-3C72-44AD-A72D-6192449E4749}.Debug|Any CPU.ActiveCfg = Debug|Any CPU
		{7021C296-3C72-44AD-A72D-6192449E4749}.Debug|Any CPU.Build.0 = Debug|Any CPU
		{7021C296-3C72-44AD-A72D-6192449E4749}.Release|Any CPU.ActiveCfg = Release|Any CPU
		{7021C296-3C72-44AD-A72D-6192449E4749}.Release|Any CPU.Build.0 = Release|Any CPU
		{5F15E626-E95C-4276-99E9-FD14742B3896}.Debug|Any CPU.ActiveCfg = Debug|Any CPU
		{5F15E626-E95C-4276-99E9-FD14742B3896}.Debug|Any CPU.Build.0 = Debug|Any CPU
		{5F15E626-E95C-4276-99E9-FD14742B3896}.Release|Any CPU.ActiveCfg = Release|Any CPU
		{5F15E626-E95C-4276-99E9-FD14742B3896}.Release|Any CPU.Build.0 = Release|Any CPU
		{E0DE4B2C-D23D-4106-91A7-BA194A676C05}.Debug|Any CPU.ActiveCfg = Debug|Any CPU
		{E0DE4B2C-D23D-4106-91A7-BA194A676C05}.Debug|Any CPU.Build.0 = Debug|Any CPU
		{E0DE4B2C-D23D-4106-91A7-BA194A676C05}.Release|Any CPU.ActiveCfg = Release|Any CPU
		{E0DE4B2C-D23D-4106-91A7-BA194A676C05}.Release|Any CPU.Build.0 = Release|Any CPU
	EndGlobalSection
	GlobalSection(SolutionProperties) = preSolution
		HideSolutionNode = FALSE
	EndGlobalSection
	GlobalSection(ExtensibilityGlobals) = postSolution
		SolutionGuid = {C75AED77-C5EE-488B-A5D9-8EA876FE41F8}
	EndGlobalSection
EndGlobal
