
Microsoft Visual Studio Solution File, Format Version 12.00
# Visual Studio Version 17
VisualStudioVersion = 17.9.34607.119
MinimumVisualStudioVersion = 10.0.40219.1
Project("{9A19103F-16F7-4668-BE54-9A1E7A4F7556}") = "WPFConfig", "WPFConfig\WPFConfig.csproj", "{272733AC-C5E8-4F79-B62C-F586FF52EAC7}"
EndProject
Project("{9A19103F-16F7-4668-BE54-9A1E7A4F7556}") = "API_SQL", "API_SQL\API_SQL.csproj", "{DDB7BEA1-AFF4-4134-8ECF-FF2DC2C6A627}"
EndProject
Global
	GlobalSection(SolutionConfigurationPlatforms) = preSolution
		Debug|Any CPU = Debug|Any CPU
		Release|Any CPU = Release|Any CPU
	EndGlobalSection
	GlobalSection(ProjectConfigurationPlatforms) = postSolution
		{272733AC-C5E8-4F79-B62C-F586FF52EAC7}.Debug|Any CPU.ActiveCfg = Debug|Any CPU
		{272733AC-C5E8-4F79-B62C-F586FF52EAC7}.Debug|Any CPU.Build.0 = Debug|Any CPU
		{272733AC-C5E8-4F79-B62C-F586FF52EAC7}.Release|Any CPU.ActiveCfg = Release|Any CPU
		{272733AC-C5E8-4F79-B62C-F586FF52EAC7}.Release|Any CPU.Build.0 = Release|Any CPU
		{DDB7BEA1-AFF4-4134-8ECF-FF2DC2C6A627}.Debug|Any CPU.ActiveCfg = Debug|Any CPU
		{DDB7BEA1-AFF4-4134-8ECF-FF2DC2C6A627}.Debug|Any CPU.Build.0 = Debug|Any CPU
		{DDB7BEA1-AFF4-4134-8ECF-FF2DC2C6A627}.Release|Any CPU.ActiveCfg = Release|Any CPU
		{DDB7BEA1-AFF4-4134-8ECF-FF2DC2C6A627}.Release|Any CPU.Build.0 = Release|Any CPU
	EndGlobalSection
	GlobalSection(SolutionProperties) = preSolution
		HideSolutionNode = FALSE
	EndGlobalSection
	GlobalSection(ExtensibilityGlobals) = postSolution
		SolutionGuid = {78DF1161-8228-40B2-921C-4646971FE220}
	EndGlobalSection
EndGlobal
